
Microsoft Visual Studio Solution File, Format Version 12.00
# Visual Studio Version 17
VisualStudioVersion = 17.0.31903.59
MinimumVisualStudioVersion = 10.0.40219.1
Project("{FAE04EC0-301F-11D3-BF4B-00C04F79EFBC}") = "Vlog.Contracts", "Vlog.Contracts\Vlog.Contracts.csproj", "{8DAB442A-70DC-4AAD-B496-FC284916F714}"
EndProject
Project("{FAE04EC0-301F-11D3-BF4B-00C04F79EFBC}") = "Vlog", "Vlog\Vlog.csproj", "{41C5387D-BF0D-4C01-94D1-114AD6B06FD4}"
EndProject
Global
	GlobalSection(SolutionConfigurationPlatforms) = preSolution
		Debug|Any CPU = Debug|Any CPU
		Release|Any CPU = Release|Any CPU
	EndGlobalSection
	GlobalSection(SolutionProperties) = preSolution
		HideSolutionNode = FALSE
	EndGlobalSection
	GlobalSection(ProjectConfigurationPlatforms) = postSolution
		{8DAB442A-70DC-4AAD-B496-FC284916F714}.Debug|Any CPU.ActiveCfg = Debug|Any CPU
		{8DAB442A-70DC-4AAD-B496-FC284916F714}.Debug|Any CPU.Build.0 = Debug|Any CPU
		{8DAB442A-70DC-4AAD-B496-FC284916F714}.Release|Any CPU.ActiveCfg = Release|Any CPU
		{8DAB442A-70DC-4AAD-B496-FC284916F714}.Release|Any CPU.Build.0 = Release|Any CPU
		{41C5387D-BF0D-4C01-94D1-114AD6B06FD4}.Debug|Any CPU.ActiveCfg = Debug|Any CPU
		{41C5387D-BF0D-4C01-94D1-114AD6B06FD4}.Debug|Any CPU.Build.0 = Debug|Any CPU
		{41C5387D-BF0D-4C01-94D1-114AD6B06FD4}.Release|Any CPU.ActiveCfg = Release|Any CPU
		{41C5387D-BF0D-4C01-94D1-114AD6B06FD4}.Release|Any CPU.Build.0 = Release|Any CPU
	EndGlobalSection
EndGlobal
